
Microsoft Visual Studio Solution File, Format Version 12.00
# Visual Studio Version 17
VisualStudioVersion = 17.11.35327.3
MinimumVisualStudioVersion = 10.0.40219.1
Project("{FAE04EC0-301F-11D3-BF4B-00C04F79EFBC}") = "AlarmApp", "AlarmApp\AlarmApp.csproj", "{232DAEB4-F6FA-4ECF-B377-9AB34A37C4ED}"
EndProject
Global
	GlobalSection(SolutionConfigurationPlatforms) = preSolution
		Debug|Any CPU = Debug|Any CPU
		Release|Any CPU = Release|Any CPU
	EndGlobalSection
	GlobalSection(ProjectConfigurationPlatforms) = postSolution
		{232DAEB4-F6FA-4ECF-B377-9AB34A37C4ED}.Debug|Any CPU.ActiveCfg = Debug|Any CPU
		{232DAEB4-F6FA-4ECF-B377-9AB34A37C4ED}.Debug|Any CPU.Build.0 = Debug|Any CPU
		{232DAEB4-F6FA-4ECF-B377-9AB34A37C4ED}.Debug|Any CPU.Deploy.0 = Debug|Any CPU
		{232DAEB4-F6FA-4ECF-B377-9AB34A37C4ED}.Release|Any CPU.ActiveCfg = Release|Any CPU
		{232DAEB4-F6FA-4ECF-B377-9AB34A37C4ED}.Release|Any CPU.Build.0 = Release|Any CPU
		{232DAEB4-F6FA-4ECF-B377-9AB34A37C4ED}.Release|Any CPU.Deploy.0 = Release|Any CPU
	EndGlobalSection
	GlobalSection(SolutionProperties) = preSolution
		HideSolutionNode = FALSE
	EndGlobalSection
	GlobalSection(ExtensibilityGlobals) = postSolution
		SolutionGuid = {4A613E2A-77B6-4370-A9E6-C4F78A5A15DF}
	EndGlobalSection
EndGlobal
